dmitri.shuralyov.com/gpu/mtl v0.0.0-20221208032759-85de2813cf6b h1:a26Bdkl2B9PmYN6vGXnnfB2UGKjz0Moif1aEg+xTd7M=
dmitri.shuralyov.com/gpu/mtl v0.0.0-20221208032759-85de2813cf6b/go.mod h1:H6x//7gZCb22OMCxBHrMx7a5I7Hp++hsVxbQ4BYO7hU=
essaim.dev/al v0.0.0-20241030113037-31916abda4dc h1:jD1dR4/cgU0OvqYomuo2PMZctu8Phu7ane0R2ZATqtA=
essaim.dev/al v0.0.0-20241030113037-31916abda4dc/go.mod h1:ARcAlcW3w7QYgF3oLFa7dbTk1UixhFL+Oi02YerCueo=
essaim.dev/mikro v0.2.1-0.20241025213823-21cf7ba51436 h1:wkjBza4dQWJAyb9Uu6biaik5a+TeEglQto3Mas+wkUM=
essaim.dev/mikro v0.2.1-0.20241025213823-21cf7ba51436/go.mod h1:aAvChBp7av+o7H/R4VXqYIvMny+SNw7TarAJ0785wnI=
github.com/go-gl/glfw/v3.3/glfw v0.0.0-20231223183121-56fa3ac82ce7 h1:7tf/0aw5DxRQjr7WaNqgtjidub6v21L2cogKIbMcTYw=
github.com/go-gl/glfw/v3.3/glfw v0.0.0-20231223183121-56fa3ac82ce7/go.mod h1:tQ2UAYgL5IevRw8kRxooKSPJfGvJ9fJQFa0TUsXzTg8=
github.com/hit9/bitproto/lib/go v0.0.0-20240710011615-fe54415aecdd h1:mf90gCnFIzOgzt53unyEJxl1q3wEs7g32DTLWpfbz9s=
github.com/hit9/bitproto/lib/go v0.0.0-20240710011615-fe54415aecdd/go.mod h1:WN+TYCfaxIU95qhMbPEVKlK6QiDuE3NRklcst5ZhGcQ=
github.com/jezek/xgb v1.1.1 h1:bE/r8ZZtSv7l9gk6nU0mYx51aXrvnyb44892TwSaqS4=
github.com/jezek/xgb v1.1.1/go.mod h1:nrhwO0FX/enq75I7Y7G8iN1ubpSGZEiA3v9e9GyRFlk=
github.com/karalabe/hid v1.0.1-0.20240919124526-821c38d2678e h1:ryNJIEs1fyZNVwJ/Dsz7+EFZTow0ggBdnAIVo8SAs+A=
github.com/karalabe/hid v1.0.1-0.20240919124526-821c38d2678e/go.mod h1:qk1sX/IBgppQNcGCRoj90u6EGC056EBoIc1oEjCWla8=
github.com/klauspost/compress v1.17.11 h1:In6xLpyWOi1+C7tXUUWv2ot1QvBjxevKAaI6IXrJmUc=
github.com/klauspost/compress v1.17.11/go.mod h1:pMDklpSncoRMuLFrf1W9Ss9KT+0rH90U12bZKk7uwG0=
github.com/ziutek/ftdi v0.0.2-0.20221004094702-6d7dbc95c863 h1:1PenL6E9j/+VQMfR5e/wEm7XPK09xlxhL3fxKngImpg=
github.com/ziutek/ftdi v0.0.2-0.20221004094702-6d7dbc95c863/go.mod h1:fUzQhjslJJSlwoMW5Cd+0RUc8KuMDfsuZB+wfJAz1eg=
github.com/ziutek/lcd v0.0.0-20141212131202-924f223d0903/go.mod h1:ZBCPhfHIcCtzsrXIcyEiSPDKHrjT9fXtJNKj2t1HCKw=
golang.org/x/exp/shiny v0.0.0-20241009180824-f66d83c29e7c h1:jTMrjjZRcSH/BDxWhXCP6OWsfVgmnwI7J+F4/nyVXaU=
golang.org/x/exp/shiny v0.0.0-20241009180824-f66d83c29e7c/go.mod h1:3F+MieQB7dRYLTmnncoFbb1crS5lfQoTfDgQy6K4N0o=
golang.org/x/image v0.18.0 h1:jGzIakQa/ZXI1I0Fxvaa9W7yP25TqT6cHIHn+6CqvSQ=
golang.org/x/image v0.18.0/go.mod h1:4yyo5vMFQjVjUcVk4jEQcU9MGy/rulF5WvUILseCM2E=
golang.org/x/mobile v0.0.0-20231127183840-76ac6878050a h1:sYbmY3FwUWCBTodZL1S3JUuOvaW6kM2o+clDzzDNBWg=
golang.org/x/mobile v0.0.0-20231127183840-76ac6878050a/go.mod h1:Ede7gF0KGoHlj822RtphAHK1jLdrcuRBZg0sF1Q+SPc=
golang.org/x/sys v0.15.0 h1:h48lPFYpsTvQJZF4EKyI4aLHaev3CxivZmv7yZig9pc=
golang.org/x/sys v0.15.0/go.mod h1:/VUhepiaJMQUp4+oa/7Zr1D23ma6VTLIYjOOTFZPUcA=
